
Microsoft Visual Studio Solution File, Format Version 12.00
# Visual Studio Version 17
VisualStudioVersion = 17.5.33530.505
MinimumVisualStudioVersion = 10.0.40219.1
Project("{FAE04EC0-301F-11D3-BF4B-00C04F79EFBC}") = "Lesson3", "Lesson3\Lesson3.csproj", "{1C4957D9-A960-4524-812C-5545A1C4CD51}"
EndProject
Global
	GlobalSection(SolutionConfigurationPlatforms) = preSolution
		Debug|Any CPU = Debug|Any CPU
		Release|Any CPU = Release|Any CPU
	EndGlobalSection
	GlobalSection(ProjectConfigurationPlatforms) = postSolution
		{1C4957D9-A960-4524-812C-5545A1C4CD51}.Debug|Any CPU.ActiveCfg = Debug|Any CPU
		{1C4957D9-A960-4524-812C-5545A1C4CD51}.Debug|Any CPU.Build.0 = Debug|Any CPU
		{1C4957D9-A960-4524-812C-5545A1C4CD51}.Release|Any CPU.ActiveCfg = Release|Any CPU
		{1C4957D9-A960-4524-812C-5545A1C4CD51}.Release|Any CPU.Build.0 = Release|Any CPU
	EndGlobalSection
	GlobalSection(SolutionProperties) = preSolution
		HideSolutionNode = FALSE
	EndGlobalSection
	GlobalSection(ExtensibilityGlobals) = postSolution
		SolutionGuid = {12C98A84-4EA1-4F32-AD12-B04BDE6A2BB1}
	EndGlobalSection
EndGlobal
