
Microsoft Visual Studio Solution File, Format Version 12.00
# Visual Studio Version 17
VisualStudioVersion = 17.5.33530.505
MinimumVisualStudioVersion = 10.0.40219.1
Project("{FAE04EC0-301F-11D3-BF4B-00C04F79EFBC}") = "Lesson7 String", "Lesson7 String\Lesson7 String.csproj", "{F6E2F00A-6650-41EB-BB6A-1D9424D2977D}"
EndProject
Global
	GlobalSection(SolutionConfigurationPlatforms) = preSolution
		Debug|Any CPU = Debug|Any CPU
		Release|Any CPU = Release|Any CPU
	EndGlobalSection
	GlobalSection(ProjectConfigurationPlatforms) = postSolution
		{F6E2F00A-6650-41EB-BB6A-1D9424D2977D}.Debug|Any CPU.ActiveCfg = Debug|Any CPU
		{F6E2F00A-6650-41EB-BB6A-1D9424D2977D}.Debug|Any CPU.Build.0 = Debug|Any CPU
		{F6E2F00A-6650-41EB-BB6A-1D9424D2977D}.Release|Any CPU.ActiveCfg = Release|Any CPU
		{F6E2F00A-6650-41EB-BB6A-1D9424D2977D}.Release|Any CPU.Build.0 = Release|Any CPU
	EndGlobalSection
	GlobalSection(SolutionProperties) = preSolution
		HideSolutionNode = FALSE
	EndGlobalSection
	GlobalSection(ExtensibilityGlobals) = postSolution
		SolutionGuid = {90D0C0AA-C1B6-4557-808E-C8B2C8873DB2}
	EndGlobalSection
EndGlobal
