
Microsoft Visual Studio Solution File, Format Version 12.00
# Visual Studio Version 17
VisualStudioVersion = 17.5.33530.505
MinimumVisualStudioVersion = 10.0.40219.1
Project("{FAE04EC0-301F-11D3-BF4B-00C04F79EFBC}") = "Lesson14 Abstraction and Interfaces", "Lesson14 Abstraction and Interfaces\Lesson14 Abstraction and Interfaces.csproj", "{30CB9BEB-6B1A-4B26-B090-A0799DF0E4FF}"
EndProject
Global
	GlobalSection(SolutionConfigurationPlatforms) = preSolution
		Debug|Any CPU = Debug|Any CPU
		Release|Any CPU = Release|Any CPU
	EndGlobalSection
	GlobalSection(ProjectConfigurationPlatforms) = postSolution
		{30CB9BEB-6B1A-4B26-B090-A0799DF0E4FF}.Debug|Any CPU.ActiveCfg = Debug|Any CPU
		{30CB9BEB-6B1A-4B26-B090-A0799DF0E4FF}.Debug|Any CPU.Build.0 = Debug|Any CPU
		{30CB9BEB-6B1A-4B26-B090-A0799DF0E4FF}.Release|Any CPU.ActiveCfg = Release|Any CPU
		{30CB9BEB-6B1A-4B26-B090-A0799DF0E4FF}.Release|Any CPU.Build.0 = Release|Any CPU
	EndGlobalSection
	GlobalSection(SolutionProperties) = preSolution
		HideSolutionNode = FALSE
	EndGlobalSection
	GlobalSection(ExtensibilityGlobals) = postSolution
		SolutionGuid = {465FDA2F-35FF-45F4-A23F-285662533125}
	EndGlobalSection
EndGlobal
