
Microsoft Visual Studio Solution File, Format Version 12.00
# Visual Studio Version 17
VisualStudioVersion = 17.6.33815.320
MinimumVisualStudioVersion = 10.0.40219.1
Project("{9A19103F-16F7-4668-BE54-9A1E7A4F7556}") = "Calendar", "Calendar\Calendar.csproj", "{339CB8B9-C3BF-41CE-9A27-6AFDC763CE13}"
EndProject
Project("{9A19103F-16F7-4668-BE54-9A1E7A4F7556}") = "Models", "Models\Models.csproj", "{4AC8261B-1BBB-4688-835A-CE56DBF32CB8}"
EndProject
Project("{9A19103F-16F7-4668-BE54-9A1E7A4F7556}") = "BuisnessLogic", "BuisnessLogic\BuisnessLogic.csproj", "{BAA9466E-830B-4BE5-90EE-A0A8F1C4F1AB}"
EndProject
Project("{9A19103F-16F7-4668-BE54-9A1E7A4F7556}") = "BuisnessLogic.Tests", "BuisnessLogic_Test\BuisnessLogic.Tests.csproj", "{29B4B7DA-78A8-4366-AA9B-C5F89FD016F2}"
EndProject
Project("{FAE04EC0-301F-11D3-BF4B-00C04F79EFBC}") = "Controllers.Tests", "Controllers.Tests\Controllers.Tests.csproj", "{34918965-8AD0-47AB-92CE-F1701B26D1C3}"
EndProject
Global
	GlobalSection(SolutionConfigurationPlatforms) = preSolution
		Debug|Any CPU = Debug|Any CPU
		Release|Any CPU = Release|Any CPU
	EndGlobalSection
	GlobalSection(ProjectConfigurationPlatforms) = postSolution
		{339CB8B9-C3BF-41CE-9A27-6AFDC763CE13}.Debug|Any CPU.ActiveCfg = Debug|Any CPU
		{339CB8B9-C3BF-41CE-9A27-6AFDC763CE13}.Debug|Any CPU.Build.0 = Debug|Any CPU
		{339CB8B9-C3BF-41CE-9A27-6AFDC763CE13}.Release|Any CPU.ActiveCfg = Release|Any CPU
		{339CB8B9-C3BF-41CE-9A27-6AFDC763CE13}.Release|Any CPU.Build.0 = Release|Any CPU
		{4AC8261B-1BBB-4688-835A-CE56DBF32CB8}.Debug|Any CPU.ActiveCfg = Debug|Any CPU
		{4AC8261B-1BBB-4688-835A-CE56DBF32CB8}.Debug|Any CPU.Build.0 = Debug|Any CPU
		{4AC8261B-1BBB-4688-835A-CE56DBF32CB8}.Release|Any CPU.ActiveCfg = Release|Any CPU
		{4AC8261B-1BBB-4688-835A-CE56DBF32CB8}.Release|Any CPU.Build.0 = Release|Any CPU
		{BAA9466E-830B-4BE5-90EE-A0A8F1C4F1AB}.Debug|Any CPU.ActiveCfg = Debug|Any CPU
		{BAA9466E-830B-4BE5-90EE-A0A8F1C4F1AB}.Debug|Any CPU.Build.0 = Debug|Any CPU
		{BAA9466E-830B-4BE5-90EE-A0A8F1C4F1AB}.Release|Any CPU.ActiveCfg = Release|Any CPU
		{BAA9466E-830B-4BE5-90EE-A0A8F1C4F1AB}.Release|Any CPU.Build.0 = Release|Any CPU
		{29B4B7DA-78A8-4366-AA9B-C5F89FD016F2}.Debug|Any CPU.ActiveCfg = Debug|Any CPU
		{29B4B7DA-78A8-4366-AA9B-C5F89FD016F2}.Debug|Any CPU.Build.0 = Debug|Any CPU
		{29B4B7DA-78A8-4366-AA9B-C5F89FD016F2}.Release|Any CPU.ActiveCfg = Release|Any CPU
		{29B4B7DA-78A8-4366-AA9B-C5F89FD016F2}.Release|Any CPU.Build.0 = Release|Any CPU
		{34918965-8AD0-47AB-92CE-F1701B26D1C3}.Debug|Any CPU.ActiveCfg = Debug|Any CPU
		{34918965-8AD0-47AB-92CE-F1701B26D1C3}.Debug|Any CPU.Build.0 = Debug|Any CPU
		{34918965-8AD0-47AB-92CE-F1701B26D1C3}.Release|Any CPU.ActiveCfg = Release|Any CPU
		{34918965-8AD0-47AB-92CE-F1701B26D1C3}.Release|Any CPU.Build.0 = Release|Any CPU
	EndGlobalSection
	GlobalSection(SolutionProperties) = preSolution
		HideSolutionNode = FALSE
	EndGlobalSection
	GlobalSection(ExtensibilityGlobals) = postSolution
		SolutionGuid = {3A802403-13BF-4E3B-83C3-D20690C89939}
	EndGlobalSection
EndGlobal
