
Microsoft Visual Studio Solution File, Format Version 12.00
# Visual Studio Version 17
VisualStudioVersion = 17.6.33815.320
MinimumVisualStudioVersion = 10.0.40219.1
Project("{FAE04EC0-301F-11D3-BF4B-00C04F79EFBC}") = "Lesson24 Asynchronous programming", "Lesson24 Asynchronous programming\Lesson24 Asynchronous programming.csproj", "{7DD2CAF5-61E5-4FAF-927E-437969C43BBA}"
EndProject
Global
	GlobalSection(SolutionConfigurationPlatforms) = preSolution
		Debug|Any CPU = Debug|Any CPU
		Release|Any CPU = Release|Any CPU
	EndGlobalSection
	GlobalSection(ProjectConfigurationPlatforms) = postSolution
		{7DD2CAF5-61E5-4FAF-927E-437969C43BBA}.Debug|Any CPU.ActiveCfg = Debug|Any CPU
		{7DD2CAF5-61E5-4FAF-927E-437969C43BBA}.Debug|Any CPU.Build.0 = Debug|Any CPU
		{7DD2CAF5-61E5-4FAF-927E-437969C43BBA}.Release|Any CPU.ActiveCfg = Release|Any CPU
		{7DD2CAF5-61E5-4FAF-927E-437969C43BBA}.Release|Any CPU.Build.0 = Release|Any CPU
	EndGlobalSection
	GlobalSection(SolutionProperties) = preSolution
		HideSolutionNode = FALSE
	EndGlobalSection
	GlobalSection(ExtensibilityGlobals) = postSolution
		SolutionGuid = {AB4659CC-3C77-4825-AD86-C5C1BC2989E8}
	EndGlobalSection
EndGlobal
