
Microsoft Visual Studio Solution File, Format Version 12.00
# Visual Studio Version 17
VisualStudioVersion = 17.5.33530.505
MinimumVisualStudioVersion = 10.0.40219.1
Project("{9A19103F-16F7-4668-BE54-9A1E7A4F7556}") = "Lesson6 Arrays", "Lesson6 Arrays\Lesson6 Arrays.csproj", "{D7762082-6211-4B58-9199-1BB099A8FE3C}"
EndProject
Global
	GlobalSection(SolutionConfigurationPlatforms) = preSolution
		Debug|Any CPU = Debug|Any CPU
		Release|Any CPU = Release|Any CPU
	EndGlobalSection
	GlobalSection(ProjectConfigurationPlatforms) = postSolution
		{D7762082-6211-4B58-9199-1BB099A8FE3C}.Debug|Any CPU.ActiveCfg = Debug|Any CPU
		{D7762082-6211-4B58-9199-1BB099A8FE3C}.Debug|Any CPU.Build.0 = Debug|Any CPU
		{D7762082-6211-4B58-9199-1BB099A8FE3C}.Release|Any CPU.ActiveCfg = Release|Any CPU
		{D7762082-6211-4B58-9199-1BB099A8FE3C}.Release|Any CPU.Build.0 = Release|Any CPU
	EndGlobalSection
	GlobalSection(SolutionProperties) = preSolution
		HideSolutionNode = FALSE
	EndGlobalSection
	GlobalSection(ExtensibilityGlobals) = postSolution
		SolutionGuid = {94059CEF-A620-474A-8072-19C74AF07E85}
	EndGlobalSection
EndGlobal
